
Microsoft Visual Studio Solution File, Format Version 12.00
# Visual Studio 15
VisualStudioVersion = 15.0.27130.2036
MinimumVisualStudioVersion = 10.0.40219.1
Project("{FAE04EC0-301F-11D3-BF4B-00C04F79EFBC}") = "Admin", "Admin\Admin.csproj", "{D34A1731-8FC5-4146-A9B8-A2D9E37A7CEB}"
EndProject
Global
	GlobalSection(SolutionConfigurationPlatforms) = preSolution
		Debug|Any CPU = Debug|Any CPU
		Release|Any CPU = Release|Any CPU
	EndGlobalSection
	GlobalSection(ProjectConfigurationPlatforms) = postSolution
		{D34A1731-8FC5-4146-A9B8-A2D9E37A7CEB}.Debug|Any CPU.ActiveCfg = Debug|Any CPU
		{D34A1731-8FC5-4146-A9B8-A2D9E37A7CEB}.Debug|Any CPU.Build.0 = Debug|Any CPU
		{D34A1731-8FC5-4146-A9B8-A2D9E37A7CEB}.Release|Any CPU.ActiveCfg = Release|Any CPU
		{D34A1731-8FC5-4146-A9B8-A2D9E37A7CEB}.Release|Any CPU.Build.0 = Release|Any CPU
	EndGlobalSection
	GlobalSection(SolutionProperties) = preSolution
		HideSolutionNode = FALSE
	EndGlobalSection
	GlobalSection(ExtensibilityGlobals) = postSolution
		SolutionGuid = {16ED3DC8-F5F5-463B-B865-4AFA6F53E119}
	EndGlobalSection
	GlobalSection(TeamFoundationVersionControl) = preSolution
		SccNumberOfProjects = 2
		SccEnterpriseProvider = {4CA58AB2-18FA-4F8D-95D4-32DDF27D184C}
		SccTeamFoundationServer = https://forero.visualstudio.com/
		SccLocalPath0 = .
		SccProjectUniqueName1 = Admin\\Admin.csproj
		SccProjectName1 = Admin
		SccLocalPath1 = Admin
	EndGlobalSection
EndGlobal
